
Microsoft Visual Studio Solution File, Format Version 12.00
# Visual Studio Version 17
VisualStudioVersion = 17.4.33205.214
MinimumVisualStudioVersion = 10.0.40219.1
Project("{9A19103F-16F7-4668-BE54-9A1E7A4F7556}") = "GenericScaffold", "GenericScaffold\GenericScaffold.csproj", "{31D2E8B2-3472-4127-8B24-6F8528514B0C}"
EndProject
Project("{9A19103F-16F7-4668-BE54-9A1E7A4F7556}") = "Bootstrapper.Core", "Bootstrapper.Core\Bootstrapper.Core.csproj", "{C7CA211B-1480-49D0-814C-50D47910BCD1}"
EndProject
Project("{9A19103F-16F7-4668-BE54-9A1E7A4F7556}") = "Bootstrapper.Boundary", "Bootstrapper.Boundary\Bootstrapper.Boundary.csproj", "{EFCB95AB-D2E3-4C2B-B0CB-7790634ACD1B}"
EndProject
Project("{9A19103F-16F7-4668-BE54-9A1E7A4F7556}") = "Base.Data", "Base.Data\Base.Data.csproj", "{532CF2BE-2BA2-497D-9586-F381785935EC}"
EndProject
Project("{9A19103F-16F7-4668-BE54-9A1E7A4F7556}") = "Base.FileData", "Base.FileData\Base.FileData.csproj", "{85CA5BB4-802C-4BAB-8CD1-9FCCE41072C1}"
EndProject
Project("{2150E333-8FDC-42A3-9474-1A3956D46DE8}") = "Layer1_Bootstrapper", "Layer1_Bootstrapper", "{39885506-CB41-4C98-857B-9189179BF9FC}"
EndProject
Project("{2150E333-8FDC-42A3-9474-1A3956D46DE8}") = "Layer2_Base", "Layer2_Base", "{A94F8064-BD90-4FBB-AE6D-8D8D65094DFB}"
EndProject
Project("{2150E333-8FDC-42A3-9474-1A3956D46DE8}") = "Layer3_DomainData", "Layer3_DomainData", "{FD173F91-FA0D-42A0-86F4-13C8F27CFC4B}"
EndProject
Project("{2150E333-8FDC-42A3-9474-1A3956D46DE8}") = "Layer4_Web", "Layer4_Web", "{5EBCF25A-535F-40D7-9ABA-83A8B033D0C3}"
EndProject
Project("{9A19103F-16F7-4668-BE54-9A1E7A4F7556}") = "Web.Domain", "Web.Domain\Web.Domain.csproj", "{CF299142-982E-48FF-841B-65FDA283BCD6}"
EndProject
Project("{9A19103F-16F7-4668-BE54-9A1E7A4F7556}") = "Data.Domain", "Data.Domain\Data.Domain.csproj", "{C9A66E9E-ECA7-4B3D-9C29-F95ECBD567A9}"
EndProject
Project("{9A19103F-16F7-4668-BE54-9A1E7A4F7556}") = "Base.Web", "Base.Web\Base.Web.csproj", "{675742B3-01BE-47CC-9112-38B9141C0A75}"
EndProject
Project("{2150E333-8FDC-42A3-9474-1A3956D46DE8}") = "AllLayerGenerealFiles", "AllLayerGenerealFiles", "{933EF2E4-7194-483C-9BF0-5206C08B97A9}"
	ProjectSection(SolutionItems) = preProject
		ApplicationSettings.xml = ApplicationSettings.xml
	EndProjectSection
EndProject
Global
	GlobalSection(SolutionConfigurationPlatforms) = preSolution
		Debug|Any CPU = Debug|Any CPU
		Release|Any CPU = Release|Any CPU
	EndGlobalSection
	GlobalSection(ProjectConfigurationPlatforms) = postSolution
		{31D2E8B2-3472-4127-8B24-6F8528514B0C}.Debug|Any CPU.ActiveCfg = Debug|Any CPU
		{31D2E8B2-3472-4127-8B24-6F8528514B0C}.Debug|Any CPU.Build.0 = Debug|Any CPU
		{31D2E8B2-3472-4127-8B24-6F8528514B0C}.Release|Any CPU.ActiveCfg = Release|Any CPU
		{31D2E8B2-3472-4127-8B24-6F8528514B0C}.Release|Any CPU.Build.0 = Release|Any CPU
		{C7CA211B-1480-49D0-814C-50D47910BCD1}.Debug|Any CPU.ActiveCfg = Debug|Any CPU
		{C7CA211B-1480-49D0-814C-50D47910BCD1}.Debug|Any CPU.Build.0 = Debug|Any CPU
		{C7CA211B-1480-49D0-814C-50D47910BCD1}.Release|Any CPU.ActiveCfg = Release|Any CPU
		{C7CA211B-1480-49D0-814C-50D47910BCD1}.Release|Any CPU.Build.0 = Release|Any CPU
		{EFCB95AB-D2E3-4C2B-B0CB-7790634ACD1B}.Debug|Any CPU.ActiveCfg = Debug|Any CPU
		{EFCB95AB-D2E3-4C2B-B0CB-7790634ACD1B}.Debug|Any CPU.Build.0 = Debug|Any CPU
		{EFCB95AB-D2E3-4C2B-B0CB-7790634ACD1B}.Release|Any CPU.ActiveCfg = Release|Any CPU
		{EFCB95AB-D2E3-4C2B-B0CB-7790634ACD1B}.Release|Any CPU.Build.0 = Release|Any CPU
		{532CF2BE-2BA2-497D-9586-F381785935EC}.Debug|Any CPU.ActiveCfg = Debug|Any CPU
		{532CF2BE-2BA2-497D-9586-F381785935EC}.Debug|Any CPU.Build.0 = Debug|Any CPU
		{532CF2BE-2BA2-497D-9586-F381785935EC}.Release|Any CPU.ActiveCfg = Release|Any CPU
		{532CF2BE-2BA2-497D-9586-F381785935EC}.Release|Any CPU.Build.0 = Release|Any CPU
		{85CA5BB4-802C-4BAB-8CD1-9FCCE41072C1}.Debug|Any CPU.ActiveCfg = Debug|Any CPU
		{85CA5BB4-802C-4BAB-8CD1-9FCCE41072C1}.Debug|Any CPU.Build.0 = Debug|Any CPU
		{85CA5BB4-802C-4BAB-8CD1-9FCCE41072C1}.Release|Any CPU.ActiveCfg = Release|Any CPU
		{85CA5BB4-802C-4BAB-8CD1-9FCCE41072C1}.Release|Any CPU.Build.0 = Release|Any CPU
		{CF299142-982E-48FF-841B-65FDA283BCD6}.Debug|Any CPU.ActiveCfg = Debug|Any CPU
		{CF299142-982E-48FF-841B-65FDA283BCD6}.Debug|Any CPU.Build.0 = Debug|Any CPU
		{CF299142-982E-48FF-841B-65FDA283BCD6}.Release|Any CPU.ActiveCfg = Release|Any CPU
		{CF299142-982E-48FF-841B-65FDA283BCD6}.Release|Any CPU.Build.0 = Release|Any CPU
		{C9A66E9E-ECA7-4B3D-9C29-F95ECBD567A9}.Debug|Any CPU.ActiveCfg = Debug|Any CPU
		{C9A66E9E-ECA7-4B3D-9C29-F95ECBD567A9}.Debug|Any CPU.Build.0 = Debug|Any CPU
		{C9A66E9E-ECA7-4B3D-9C29-F95ECBD567A9}.Release|Any CPU.ActiveCfg = Release|Any CPU
		{C9A66E9E-ECA7-4B3D-9C29-F95ECBD567A9}.Release|Any CPU.Build.0 = Release|Any CPU
		{675742B3-01BE-47CC-9112-38B9141C0A75}.Debug|Any CPU.ActiveCfg = Debug|Any CPU
		{675742B3-01BE-47CC-9112-38B9141C0A75}.Debug|Any CPU.Build.0 = Debug|Any CPU
		{675742B3-01BE-47CC-9112-38B9141C0A75}.Release|Any CPU.ActiveCfg = Release|Any CPU
		{675742B3-01BE-47CC-9112-38B9141C0A75}.Release|Any CPU.Build.0 = Release|Any CPU
	EndGlobalSection
	GlobalSection(SolutionProperties) = preSolution
		HideSolutionNode = FALSE
	EndGlobalSection
	GlobalSection(NestedProjects) = preSolution
		{C7CA211B-1480-49D0-814C-50D47910BCD1} = {39885506-CB41-4C98-857B-9189179BF9FC}
		{EFCB95AB-D2E3-4C2B-B0CB-7790634ACD1B} = {39885506-CB41-4C98-857B-9189179BF9FC}
		{532CF2BE-2BA2-497D-9586-F381785935EC} = {A94F8064-BD90-4FBB-AE6D-8D8D65094DFB}
		{85CA5BB4-802C-4BAB-8CD1-9FCCE41072C1} = {A94F8064-BD90-4FBB-AE6D-8D8D65094DFB}
		{CF299142-982E-48FF-841B-65FDA283BCD6} = {5EBCF25A-535F-40D7-9ABA-83A8B033D0C3}
		{C9A66E9E-ECA7-4B3D-9C29-F95ECBD567A9} = {FD173F91-FA0D-42A0-86F4-13C8F27CFC4B}
		{675742B3-01BE-47CC-9112-38B9141C0A75} = {A94F8064-BD90-4FBB-AE6D-8D8D65094DFB}
	EndGlobalSection
	GlobalSection(ExtensibilityGlobals) = postSolution
		SolutionGuid = {AD0C556B-DB7C-4497-A1DB-FBE08A1EFEE8}
	EndGlobalSection
EndGlobal
